
Microsoft Visual Studio Solution File, Format Version 12.00
# Visual Studio Version 17
VisualStudioVersion = 17.14.36221.1 d17.14
MinimumVisualStudioVersion = 10.0.40219.1
Project("{FAE04EC0-301F-11D3-BF4B-00C04F79EFBC}") = "1-Eventos-Postback-AutoPostback", "1-Eventos-Postback-AutoPostback\1-Eventos-Postback-AutoPostback.csproj", "{2527CEF7-A0AC-42A8-B548-CF885256E736}"
EndProject
Global
	GlobalSection(SolutionConfigurationPlatforms) = preSolution
		Debug|Any CPU = Debug|Any CPU
		Release|Any CPU = Release|Any CPU
	EndGlobalSection
	GlobalSection(ProjectConfigurationPlatforms) = postSolution
		{2527CEF7-A0AC-42A8-B548-CF885256E736}.Debug|Any CPU.ActiveCfg = Debug|Any CPU
		{2527CEF7-A0AC-42A8-B548-CF885256E736}.Debug|Any CPU.Build.0 = Debug|Any CPU
		{2527CEF7-A0AC-42A8-B548-CF885256E736}.Release|Any CPU.ActiveCfg = Release|Any CPU
		{2527CEF7-A0AC-42A8-B548-CF885256E736}.Release|Any CPU.Build.0 = Release|Any CPU
	EndGlobalSection
	GlobalSection(SolutionProperties) = preSolution
		HideSolutionNode = FALSE
	EndGlobalSection
	GlobalSection(ExtensibilityGlobals) = postSolution
		SolutionGuid = {92C6E725-25AD-4EDB-8AE1-2C1A68F5583E}
	EndGlobalSection
EndGlobal
