
Microsoft Visual Studio Solution File, Format Version 12.00
# Visual Studio Version 17
VisualStudioVersion = 17.14.36221.1 d17.14
MinimumVisualStudioVersion = 10.0.40219.1
Project("{FAE04EC0-301F-11D3-BF4B-00C04F79EFBC}") = "5-Eliminar-Pokemon", "5-Eliminar-Pokemon\5-Eliminar-Pokemon.csproj", "{F355815B-6D2F-46B3-BBA2-4768C3F68A24}"
EndProject
Project("{FAE04EC0-301F-11D3-BF4B-00C04F79EFBC}") = "negocio", "..\..\Unidad_5_ConexionesDB\1-Seteo-de-proyecto\negocio\negocio.csproj", "{974D539C-098C-4E52-89FB-7B433F91DC0C}"
EndProject
Project("{FAE04EC0-301F-11D3-BF4B-00C04F79EFBC}") = "dominio", "..\..\Unidad_5_ConexionesDB\1-Seteo-de-proyecto\dominio\dominio.csproj", "{1123F810-EF66-4379-8221-7D0BFE96C701}"
EndProject
Global
	GlobalSection(SolutionConfigurationPlatforms) = preSolution
		Debug|Any CPU = Debug|Any CPU
		Release|Any CPU = Release|Any CPU
	EndGlobalSection
	GlobalSection(ProjectConfigurationPlatforms) = postSolution
		{F355815B-6D2F-46B3-BBA2-4768C3F68A24}.Debug|Any CPU.ActiveCfg = Debug|Any CPU
		{F355815B-6D2F-46B3-BBA2-4768C3F68A24}.Debug|Any CPU.Build.0 = Debug|Any CPU
		{F355815B-6D2F-46B3-BBA2-4768C3F68A24}.Release|Any CPU.ActiveCfg = Release|Any CPU
		{F355815B-6D2F-46B3-BBA2-4768C3F68A24}.Release|Any CPU.Build.0 = Release|Any CPU
		{974D539C-098C-4E52-89FB-7B433F91DC0C}.Debug|Any CPU.ActiveCfg = Debug|Any CPU
		{974D539C-098C-4E52-89FB-7B433F91DC0C}.Debug|Any CPU.Build.0 = Debug|Any CPU
		{974D539C-098C-4E52-89FB-7B433F91DC0C}.Release|Any CPU.ActiveCfg = Release|Any CPU
		{974D539C-098C-4E52-89FB-7B433F91DC0C}.Release|Any CPU.Build.0 = Release|Any CPU
		{1123F810-EF66-4379-8221-7D0BFE96C701}.Debug|Any CPU.ActiveCfg = Debug|Any CPU
		{1123F810-EF66-4379-8221-7D0BFE96C701}.Debug|Any CPU.Build.0 = Debug|Any CPU
		{1123F810-EF66-4379-8221-7D0BFE96C701}.Release|Any CPU.ActiveCfg = Release|Any CPU
		{1123F810-EF66-4379-8221-7D0BFE96C701}.Release|Any CPU.Build.0 = Release|Any CPU
	EndGlobalSection
	GlobalSection(SolutionProperties) = preSolution
		HideSolutionNode = FALSE
	EndGlobalSection
	GlobalSection(ExtensibilityGlobals) = postSolution
		SolutionGuid = {468CE8C4-4C6F-482F-A4E8-38AC66748DC1}
	EndGlobalSection
EndGlobal
