
Microsoft Visual Studio Solution File, Format Version 12.00
# Visual Studio Version 17
VisualStudioVersion = 17.14.36221.1 d17.14
MinimumVisualStudioVersion = 10.0.40219.1
Project("{FAE04EC0-301F-11D3-BF4B-00C04F79EFBC}") = "1-Actualizacion-bootstrap", "1-Actualizacion-bootstrap\1-Actualizacion-bootstrap.csproj", "{180D0D8D-58DF-406C-BE2F-000DE7F0F069}"
EndProject
Global
	GlobalSection(SolutionConfigurationPlatforms) = preSolution
		Debug|Any CPU = Debug|Any CPU
		Release|Any CPU = Release|Any CPU
	EndGlobalSection
	GlobalSection(ProjectConfigurationPlatforms) = postSolution
		{180D0D8D-58DF-406C-BE2F-000DE7F0F069}.Debug|Any CPU.ActiveCfg = Debug|Any CPU
		{180D0D8D-58DF-406C-BE2F-000DE7F0F069}.Debug|Any CPU.Build.0 = Debug|Any CPU
		{180D0D8D-58DF-406C-BE2F-000DE7F0F069}.Release|Any CPU.ActiveCfg = Release|Any CPU
		{180D0D8D-58DF-406C-BE2F-000DE7F0F069}.Release|Any CPU.Build.0 = Release|Any CPU
	EndGlobalSection
	GlobalSection(SolutionProperties) = preSolution
		HideSolutionNode = FALSE
	EndGlobalSection
	GlobalSection(ExtensibilityGlobals) = postSolution
		SolutionGuid = {266051D5-9621-4C93-B1E3-64DAB6A46AD0}
	EndGlobalSection
EndGlobal
