
Microsoft Visual Studio Solution File, Format Version 12.00
# Visual Studio Version 17
VisualStudioVersion = 17.14.36221.1 d17.14
MinimumVisualStudioVersion = 10.0.40219.1
Project("{FAE04EC0-301F-11D3-BF4B-00C04F79EFBC}") = "4-GridView-AutoGenerateColumns", "4-GridView-AutoGenerateColumns\4-GridView-AutoGenerateColumns.csproj", "{BBB3D2A4-8286-41F3-A4B8-A8E4E58ADB42}"
EndProject
Project("{FAE04EC0-301F-11D3-BF4B-00C04F79EFBC}") = "Dominio", "Dominio\Dominio.csproj", "{95E59828-14CF-4D18-B72E-B7C664004D80}"
EndProject
Global
	GlobalSection(SolutionConfigurationPlatforms) = preSolution
		Debug|Any CPU = Debug|Any CPU
		Release|Any CPU = Release|Any CPU
	EndGlobalSection
	GlobalSection(ProjectConfigurationPlatforms) = postSolution
		{BBB3D2A4-8286-41F3-A4B8-A8E4E58ADB42}.Debug|Any CPU.ActiveCfg = Debug|Any CPU
		{BBB3D2A4-8286-41F3-A4B8-A8E4E58ADB42}.Debug|Any CPU.Build.0 = Debug|Any CPU
		{BBB3D2A4-8286-41F3-A4B8-A8E4E58ADB42}.Release|Any CPU.ActiveCfg = Release|Any CPU
		{BBB3D2A4-8286-41F3-A4B8-A8E4E58ADB42}.Release|Any CPU.Build.0 = Release|Any CPU
		{95E59828-14CF-4D18-B72E-B7C664004D80}.Debug|Any CPU.ActiveCfg = Debug|Any CPU
		{95E59828-14CF-4D18-B72E-B7C664004D80}.Debug|Any CPU.Build.0 = Debug|Any CPU
		{95E59828-14CF-4D18-B72E-B7C664004D80}.Release|Any CPU.ActiveCfg = Release|Any CPU
		{95E59828-14CF-4D18-B72E-B7C664004D80}.Release|Any CPU.Build.0 = Release|Any CPU
	EndGlobalSection
	GlobalSection(SolutionProperties) = preSolution
		HideSolutionNode = FALSE
	EndGlobalSection
	GlobalSection(ExtensibilityGlobals) = postSolution
		SolutionGuid = {9E8EFD9C-C11E-4751-9897-E3C943BD9045}
	EndGlobalSection
EndGlobal
