
Microsoft Visual Studio Solution File, Format Version 12.00
# Visual Studio Version 17
VisualStudioVersion = 17.14.36221.1 d17.14
MinimumVisualStudioVersion = 10.0.40219.1
Project("{FAE04EC0-301F-11D3-BF4B-00C04F79EFBC}") = "4-Listar-Repeater", "4-Listar-Repeater\4-Listar-Repeater.csproj", "{3F821B04-1406-4257-83D3-97F8C5900904}"
EndProject
Project("{FAE04EC0-301F-11D3-BF4B-00C04F79EFBC}") = "dominio", "..\1-Seteo-de-proyecto\dominio\dominio.csproj", "{1123F810-EF66-4379-8221-7D0BFE96C701}"
EndProject
Project("{FAE04EC0-301F-11D3-BF4B-00C04F79EFBC}") = "negocio", "..\1-Seteo-de-proyecto\negocio\negocio.csproj", "{974D539C-098C-4E52-89FB-7B433F91DC0C}"
EndProject
Global
	GlobalSection(SolutionConfigurationPlatforms) = preSolution
		Debug|Any CPU = Debug|Any CPU
		Release|Any CPU = Release|Any CPU
	EndGlobalSection
	GlobalSection(ProjectConfigurationPlatforms) = postSolution
		{3F821B04-1406-4257-83D3-97F8C5900904}.Debug|Any CPU.ActiveCfg = Debug|Any CPU
		{3F821B04-1406-4257-83D3-97F8C5900904}.Debug|Any CPU.Build.0 = Debug|Any CPU
		{3F821B04-1406-4257-83D3-97F8C5900904}.Release|Any CPU.ActiveCfg = Release|Any CPU
		{3F821B04-1406-4257-83D3-97F8C5900904}.Release|Any CPU.Build.0 = Release|Any CPU
		{1123F810-EF66-4379-8221-7D0BFE96C701}.Debug|Any CPU.ActiveCfg = Debug|Any CPU
		{1123F810-EF66-4379-8221-7D0BFE96C701}.Debug|Any CPU.Build.0 = Debug|Any CPU
		{1123F810-EF66-4379-8221-7D0BFE96C701}.Release|Any CPU.ActiveCfg = Release|Any CPU
		{1123F810-EF66-4379-8221-7D0BFE96C701}.Release|Any CPU.Build.0 = Release|Any CPU
		{974D539C-098C-4E52-89FB-7B433F91DC0C}.Debug|Any CPU.ActiveCfg = Debug|Any CPU
		{974D539C-098C-4E52-89FB-7B433F91DC0C}.Debug|Any CPU.Build.0 = Debug|Any CPU
		{974D539C-098C-4E52-89FB-7B433F91DC0C}.Release|Any CPU.ActiveCfg = Release|Any CPU
		{974D539C-098C-4E52-89FB-7B433F91DC0C}.Release|Any CPU.Build.0 = Release|Any CPU
	EndGlobalSection
	GlobalSection(SolutionProperties) = preSolution
		HideSolutionNode = FALSE
	EndGlobalSection
	GlobalSection(ExtensibilityGlobals) = postSolution
		SolutionGuid = {A6650B33-6D3D-496A-9121-3D69B504D63B}
	EndGlobalSection
EndGlobal
