
Microsoft Visual Studio Solution File, Format Version 12.00
# Visual Studio Version 17
VisualStudioVersion = 17.14.36221.1 d17.14
MinimumVisualStudioVersion = 10.0.40219.1
Project("{FAE04EC0-301F-11D3-BF4B-00C04F79EFBC}") = "6-Seleccionar-Registro-de-grilla", "6-Seleccionar-Registro-de-grilla\6-Seleccionar-Registro-de-grilla.csproj", "{D3862854-7C94-4DC1-A22C-8FC4B039DD77}"
EndProject
Project("{FAE04EC0-301F-11D3-BF4B-00C04F79EFBC}") = "Dominio", "Dominio\Dominio.csproj", "{D2CB6BE5-3036-44F2-9DB4-64503BFDB1F5}"
EndProject
Global
	GlobalSection(SolutionConfigurationPlatforms) = preSolution
		Debug|Any CPU = Debug|Any CPU
		Release|Any CPU = Release|Any CPU
	EndGlobalSection
	GlobalSection(ProjectConfigurationPlatforms) = postSolution
		{D3862854-7C94-4DC1-A22C-8FC4B039DD77}.Debug|Any CPU.ActiveCfg = Debug|Any CPU
		{D3862854-7C94-4DC1-A22C-8FC4B039DD77}.Debug|Any CPU.Build.0 = Debug|Any CPU
		{D3862854-7C94-4DC1-A22C-8FC4B039DD77}.Release|Any CPU.ActiveCfg = Release|Any CPU
		{D3862854-7C94-4DC1-A22C-8FC4B039DD77}.Release|Any CPU.Build.0 = Release|Any CPU
		{D2CB6BE5-3036-44F2-9DB4-64503BFDB1F5}.Debug|Any CPU.ActiveCfg = Debug|Any CPU
		{D2CB6BE5-3036-44F2-9DB4-64503BFDB1F5}.Debug|Any CPU.Build.0 = Debug|Any CPU
		{D2CB6BE5-3036-44F2-9DB4-64503BFDB1F5}.Release|Any CPU.ActiveCfg = Release|Any CPU
		{D2CB6BE5-3036-44F2-9DB4-64503BFDB1F5}.Release|Any CPU.Build.0 = Release|Any CPU
	EndGlobalSection
	GlobalSection(SolutionProperties) = preSolution
		HideSolutionNode = FALSE
	EndGlobalSection
	GlobalSection(ExtensibilityGlobals) = postSolution
		SolutionGuid = {F3A15517-EDBD-426B-9E76-5F5EEDE74DFD}
	EndGlobalSection
EndGlobal
